
Microsoft Visual Studio Solution File, Format Version 12.00
# Visual Studio Version 17
VisualStudioVersion = 17.0.32014.148
MinimumVisualStudioVersion = 10.0.40219.1
Project("{FAE04EC0-301F-11D3-BF4B-00C04F79EFBC}") = "OOO_Beautiful", "OOO_Beautiful\OOO_Beautiful.csproj", "{22E128EE-A5DC-4D0B-99BD-DB4C58644A6E}"
EndProject
Global
	GlobalSection(SolutionConfigurationPlatforms) = preSolution
		Debug|Any CPU = Debug|Any CPU
		Release|Any CPU = Release|Any CPU
	EndGlobalSection
	GlobalSection(ProjectConfigurationPlatforms) = postSolution
		{22E128EE-A5DC-4D0B-99BD-DB4C58644A6E}.Debug|Any CPU.ActiveCfg = Debug|Any CPU
		{22E128EE-A5DC-4D0B-99BD-DB4C58644A6E}.Debug|Any CPU.Build.0 = Debug|Any CPU
		{22E128EE-A5DC-4D0B-99BD-DB4C58644A6E}.Release|Any CPU.ActiveCfg = Release|Any CPU
		{22E128EE-A5DC-4D0B-99BD-DB4C58644A6E}.Release|Any CPU.Build.0 = Release|Any CPU
	EndGlobalSection
	GlobalSection(SolutionProperties) = preSolution
		HideSolutionNode = FALSE
	EndGlobalSection
	GlobalSection(ExtensibilityGlobals) = postSolution
		SolutionGuid = {E32E0CA4-63ED-4819-BBC8-9F167C3AE8EB}
	EndGlobalSection
EndGlobal
